
Microsoft Visual Studio Solution File, Format Version 12.00
# Visual Studio Version 17
VisualStudioVersion = 17.4.33110.190
MinimumVisualStudioVersion = 10.0.40219.1
Project("{8BC9CEB8-8B4A-11D0-8D11-00A0C91BC942}") = "PR7.3.rec", "PR7.3.rec.vcxproj", "{72892931-1A9A-4E0F-858F-D425F06A2488}"
EndProject
Project("{8BC9CEB8-8B4A-11D0-8D11-00A0C91BC942}") = "UnitTest7.3.rec", "UnitTest7.3.rec\UnitTest7.3.rec.vcxproj", "{A12CBE13-1C9E-431E-9015-71BCA834EB94}"
EndProject
Global
	GlobalSection(SolutionConfigurationPlatforms) = preSolution
		Debug|x64 = Debug|x64
		Debug|x86 = Debug|x86
		Release|x64 = Release|x64
		Release|x86 = Release|x86
	EndGlobalSection
	GlobalSection(ProjectConfigurationPlatforms) = postSolution
		{72892931-1A9A-4E0F-858F-D425F06A2488}.Debug|x64.ActiveCfg = Debug|x64
		{72892931-1A9A-4E0F-858F-D425F06A2488}.Debug|x64.Build.0 = Debug|x64
		{72892931-1A9A-4E0F-858F-D425F06A2488}.Debug|x86.ActiveCfg = Debug|Win32
		{72892931-1A9A-4E0F-858F-D425F06A2488}.Debug|x86.Build.0 = Debug|Win32
		{72892931-1A9A-4E0F-858F-D425F06A2488}.Release|x64.ActiveCfg = Release|x64
		{72892931-1A9A-4E0F-858F-D425F06A2488}.Release|x64.Build.0 = Release|x64
		{72892931-1A9A-4E0F-858F-D425F06A2488}.Release|x86.ActiveCfg = Release|Win32
		{72892931-1A9A-4E0F-858F-D425F06A2488}.Release|x86.Build.0 = Release|Win32
		{A12CBE13-1C9E-431E-9015-71BCA834EB94}.Debug|x64.ActiveCfg = Debug|x64
		{A12CBE13-1C9E-431E-9015-71BCA834EB94}.Debug|x64.Build.0 = Debug|x64
		{A12CBE13-1C9E-431E-9015-71BCA834EB94}.Debug|x86.ActiveCfg = Debug|Win32
		{A12CBE13-1C9E-431E-9015-71BCA834EB94}.Debug|x86.Build.0 = Debug|Win32
		{A12CBE13-1C9E-431E-9015-71BCA834EB94}.Release|x64.ActiveCfg = Release|x64
		{A12CBE13-1C9E-431E-9015-71BCA834EB94}.Release|x64.Build.0 = Release|x64
		{A12CBE13-1C9E-431E-9015-71BCA834EB94}.Release|x86.ActiveCfg = Release|Win32
		{A12CBE13-1C9E-431E-9015-71BCA834EB94}.Release|x86.Build.0 = Release|Win32
	EndGlobalSection
	GlobalSection(SolutionProperties) = preSolution
		HideSolutionNode = FALSE
	EndGlobalSection
	GlobalSection(ExtensibilityGlobals) = postSolution
		SolutionGuid = {2BD64843-7905-46D4-8C16-1AC8795D0C3F}
	EndGlobalSection
EndGlobal
